
Microsoft Visual Studio Solution File, Format Version 12.00
# Visual Studio Version 16
VisualStudioVersion = 16.0.32413.511
MinimumVisualStudioVersion = 10.0.40219.1
Project("{9A19103F-16F7-4668-BE54-9A1E7A4F7556}") = "EShop1", "EShop1\EShop1.csproj", "{643C49C9-7392-4F69-A080-DB761E4BB04B}"
EndProject
Project("{9A19103F-16F7-4668-BE54-9A1E7A4F7556}") = "DomainModel", "DomainModel\DomainModel.csproj", "{A1AF7D51-4393-458B-B0E0-EB8778350AE4}"
EndProject
Project("{9A19103F-16F7-4668-BE54-9A1E7A4F7556}") = "DataAccessServiceContract", "DataAccessServiceContract\DataAccessServiceContract.csproj", "{E19247DC-DDE2-4A2F-8D81-7A71B9F98D19}"
EndProject
Project("{9A19103F-16F7-4668-BE54-9A1E7A4F7556}") = "DataAccess", "DataAccess\DataAccess.csproj", "{F599802A-8E19-4E50-8667-B29B4E9E59EE}"
EndProject
Project("{9A19103F-16F7-4668-BE54-9A1E7A4F7556}") = "BusinessServiceContract", "BussinessServiceContract\BusinessServiceContract.csproj", "{5B5D7FA4-3FDE-4FAB-896D-32D3167AD79F}"
EndProject
Project("{9A19103F-16F7-4668-BE54-9A1E7A4F7556}") = "Business", "Business\Business.csproj", "{62F209EC-33E1-452C-90ED-A31493786AE6}"
EndProject
Project("{FAE04EC0-301F-11D3-BF4B-00C04F79EFBC}") = "FramWork", "FramWork\FramWork.csproj", "{F28CAF07-B287-4114-9E5A-7C0CAA882798}"
EndProject
Global
	GlobalSection(SolutionConfigurationPlatforms) = preSolution
		Debug|Any CPU = Debug|Any CPU
		Release|Any CPU = Release|Any CPU
	EndGlobalSection
	GlobalSection(ProjectConfigurationPlatforms) = postSolution
		{643C49C9-7392-4F69-A080-DB761E4BB04B}.Debug|Any CPU.ActiveCfg = Debug|Any CPU
		{643C49C9-7392-4F69-A080-DB761E4BB04B}.Debug|Any CPU.Build.0 = Debug|Any CPU
		{643C49C9-7392-4F69-A080-DB761E4BB04B}.Release|Any CPU.ActiveCfg = Release|Any CPU
		{643C49C9-7392-4F69-A080-DB761E4BB04B}.Release|Any CPU.Build.0 = Release|Any CPU
		{A1AF7D51-4393-458B-B0E0-EB8778350AE4}.Debug|Any CPU.ActiveCfg = Debug|Any CPU
		{A1AF7D51-4393-458B-B0E0-EB8778350AE4}.Debug|Any CPU.Build.0 = Debug|Any CPU
		{A1AF7D51-4393-458B-B0E0-EB8778350AE4}.Release|Any CPU.ActiveCfg = Release|Any CPU
		{A1AF7D51-4393-458B-B0E0-EB8778350AE4}.Release|Any CPU.Build.0 = Release|Any CPU
		{E19247DC-DDE2-4A2F-8D81-7A71B9F98D19}.Debug|Any CPU.ActiveCfg = Debug|Any CPU
		{E19247DC-DDE2-4A2F-8D81-7A71B9F98D19}.Debug|Any CPU.Build.0 = Debug|Any CPU
		{E19247DC-DDE2-4A2F-8D81-7A71B9F98D19}.Release|Any CPU.ActiveCfg = Release|Any CPU
		{E19247DC-DDE2-4A2F-8D81-7A71B9F98D19}.Release|Any CPU.Build.0 = Release|Any CPU
		{F599802A-8E19-4E50-8667-B29B4E9E59EE}.Debug|Any CPU.ActiveCfg = Debug|Any CPU
		{F599802A-8E19-4E50-8667-B29B4E9E59EE}.Debug|Any CPU.Build.0 = Debug|Any CPU
		{F599802A-8E19-4E50-8667-B29B4E9E59EE}.Release|Any CPU.ActiveCfg = Release|Any CPU
		{F599802A-8E19-4E50-8667-B29B4E9E59EE}.Release|Any CPU.Build.0 = Release|Any CPU
		{5B5D7FA4-3FDE-4FAB-896D-32D3167AD79F}.Debug|Any CPU.ActiveCfg = Debug|Any CPU
		{5B5D7FA4-3FDE-4FAB-896D-32D3167AD79F}.Debug|Any CPU.Build.0 = Debug|Any CPU
		{5B5D7FA4-3FDE-4FAB-896D-32D3167AD79F}.Release|Any CPU.ActiveCfg = Release|Any CPU
		{5B5D7FA4-3FDE-4FAB-896D-32D3167AD79F}.Release|Any CPU.Build.0 = Release|Any CPU
		{62F209EC-33E1-452C-90ED-A31493786AE6}.Debug|Any CPU.ActiveCfg = Debug|Any CPU
		{62F209EC-33E1-452C-90ED-A31493786AE6}.Debug|Any CPU.Build.0 = Debug|Any CPU
		{62F209EC-33E1-452C-90ED-A31493786AE6}.Release|Any CPU.ActiveCfg = Release|Any CPU
		{62F209EC-33E1-452C-90ED-A31493786AE6}.Release|Any CPU.Build.0 = Release|Any CPU
		{F28CAF07-B287-4114-9E5A-7C0CAA882798}.Debug|Any CPU.ActiveCfg = Debug|Any CPU
		{F28CAF07-B287-4114-9E5A-7C0CAA882798}.Debug|Any CPU.Build.0 = Debug|Any CPU
		{F28CAF07-B287-4114-9E5A-7C0CAA882798}.Release|Any CPU.ActiveCfg = Release|Any CPU
		{F28CAF07-B287-4114-9E5A-7C0CAA882798}.Release|Any CPU.Build.0 = Release|Any CPU
	EndGlobalSection
	GlobalSection(SolutionProperties) = preSolution
		HideSolutionNode = FALSE
	EndGlobalSection
	GlobalSection(ExtensibilityGlobals) = postSolution
		SolutionGuid = {9302149F-0331-487F-A294-F3B93E1F9903}
	EndGlobalSection
EndGlobal
